{
  "version": 4,
  "terraform_version": "1.5.7",
  "serial": 3,
  "lineage": "86cb7894-6662-0947-d7d3-766e73b707f1",
  "outputs": {},
  "resources": [
    {
      "mode": "managed",
      "type": "github_repository",
      "name": "repo",
      "provider": "provider[\"registry.terraform.io/hashicorp/github\"]",
      "instances": [
        {
          "schema_version": 1,
          "attributes": {
            "allow_auto_merge": false,
            "allow_merge_commit": true,
            "allow_rebase_merge": true,
            "allow_squash_merge": true,
            "allow_update_branch": false,
            "archive_on_destroy": null,
            "archived": false,
            "auto_init": null,
            "default_branch": "main",
            "delete_branch_on_merge": false,
            "description": "",
            "etag": "W/\"2f075aebf20e8a05160c6583461768e86a093f7c1337b096d4880649d2d83a78\"",
            "full_name": "leerobertdyer/github_collab",
            "git_clone_url": "git://github.com/leerobertdyer/github_collab.git",
            "gitignore_template": null,
            "has_discussions": false,
            "has_downloads": false,
            "has_issues": false,
            "has_projects": false,
            "has_wiki": false,
            "homepage_url": "",
            "html_url": "https://github.com/leerobertdyer/github_collab",
            "http_clone_url": "https://github.com/leerobertdyer/github_collab.git",
            "id": "github_collab",
            "ignore_vulnerability_alerts_during_read": null,
            "is_template": false,
            "license_template": null,
            "merge_commit_message": "PR_TITLE",
            "merge_commit_title": "MERGE_MESSAGE",
            "name": "github_collab",
            "node_id": "R_kgDONCX-XQ",
            "pages": [],
            "primary_language": "",
            "private": false,
            "repo_id": 874905181,
            "security_and_analysis": [
              {
                "advanced_security": [],
                "secret_scanning": [
                  {
                    "status": "enabled"
                  }
                ],
                "secret_scanning_push_protection": [
                  {
                    "status": "enabled"
                  }
                ]
              }
            ],
            "squash_merge_commit_message": "COMMIT_MESSAGES",
            "squash_merge_commit_title": "COMMIT_OR_PR_TITLE",
            "ssh_clone_url": "git@github.com:leerobertdyer/github_collab.git",
            "svn_url": "https://github.com/leerobertdyer/github_collab",
            "template": [],
            "topics": [],
            "visibility": "public",
            "vulnerability_alerts": false,
            "web_commit_signoff_required": false
          },
          "sensitive_attributes": [],
          "private": "eyJzY2hlbWFfdmVyc2lvbiI6IjEifQ=="
        }
      ]
    },
    {
      "mode": "managed",
      "type": "github_repository_collaborator",
      "name": "repo_collaborator",
      "provider": "provider[\"registry.terraform.io/hashicorp/github\"]",
      "instances": [
        {
          "schema_version": 0,
          "attributes": {
            "id": "github_collab:RVleerobertdyer",
            "invitation_id": "264135637",
            "permission": "admin",
            "permission_diff_suppression": false,
            "repository": "github_collab",
            "username": "RVleerobertdyer"
          },
          "sensitive_attributes": [],
          "private": "bnVsbA==",
          "dependencies": [
            "github_repository.repo"
          ]
        }
      ]
    }
  ],
  "check_results": null
}
